
Microsoft Visual Studio Solution File, Format Version 12.00
# Visual Studio Version 16
VisualStudioVersion = 16.0.29209.62
MinimumVisualStudioVersion = 10.0.40219.1
Project("{FAE04EC0-301F-11D3-BF4B-00C04F79EFBC}") = "ConsoleApp1", "ConsoleApp1\ConsoleApp1.csproj", "{A2EA59D7-0DD0-4576-81C0-F811A92FC7D4}"
EndProject
Global
	GlobalSection(SolutionConfigurationPlatforms) = preSolution
		Debug|Any CPU = Debug|Any CPU
		Release|Any CPU = Release|Any CPU
	EndGlobalSection
	GlobalSection(ProjectConfigurationPlatforms) = postSolution
		{A2EA59D7-0DD0-4576-81C0-F811A92FC7D4}.Debug|Any CPU.ActiveCfg = Debug|Any CPU
		{A2EA59D7-0DD0-4576-81C0-F811A92FC7D4}.Debug|Any CPU.Build.0 = Debug|Any CPU
		{A2EA59D7-0DD0-4576-81C0-F811A92FC7D4}.Release|Any CPU.ActiveCfg = Release|Any CPU
		{A2EA59D7-0DD0-4576-81C0-F811A92FC7D4}.Release|Any CPU.Build.0 = Release|Any CPU
	EndGlobalSection
	GlobalSection(SolutionProperties) = preSolution
		HideSolutionNode = FALSE
	EndGlobalSection
	GlobalSection(ExtensibilityGlobals) = postSolution
		SolutionGuid = {567D7A5C-7916-402D-B4D4-90FCF9E6EDCD}
	EndGlobalSection
EndGlobal
